
Microsoft Visual Studio Solution File, Format Version 12.00
# Visual Studio Version 17
VisualStudioVersion = 17.7.34031.279
MinimumVisualStudioVersion = 10.0.40219.1
Project("{FAE04EC0-301F-11D3-BF4B-00C04F79EFBC}") = "Museum.Android", "Museum\Museum.Android\Museum.Android.csproj", "{CCAEB6A0-7F0E-4795-8538-C93985DBAFA1}"
EndProject
Project("{FAE04EC0-301F-11D3-BF4B-00C04F79EFBC}") = "Museum", "Museum\Museum\Museum.csproj", "{70595B95-57CE-435E-806A-572FBFDDEE0A}"
EndProject
Global
	GlobalSection(SolutionConfigurationPlatforms) = preSolution
		Debug|Any CPU = Debug|Any CPU
		Release|Any CPU = Release|Any CPU
	EndGlobalSection
	GlobalSection(ProjectConfigurationPlatforms) = postSolution
		{CCAEB6A0-7F0E-4795-8538-C93985DBAFA1}.Debug|Any CPU.ActiveCfg = Debug|Any CPU
		{CCAEB6A0-7F0E-4795-8538-C93985DBAFA1}.Debug|Any CPU.Build.0 = Debug|Any CPU
		{CCAEB6A0-7F0E-4795-8538-C93985DBAFA1}.Debug|Any CPU.Deploy.0 = Debug|Any CPU
		{CCAEB6A0-7F0E-4795-8538-C93985DBAFA1}.Release|Any CPU.ActiveCfg = Release|Any CPU
		{CCAEB6A0-7F0E-4795-8538-C93985DBAFA1}.Release|Any CPU.Build.0 = Release|Any CPU
		{CCAEB6A0-7F0E-4795-8538-C93985DBAFA1}.Release|Any CPU.Deploy.0 = Release|Any CPU
		{70595B95-57CE-435E-806A-572FBFDDEE0A}.Debug|Any CPU.ActiveCfg = Debug|Any CPU
		{70595B95-57CE-435E-806A-572FBFDDEE0A}.Debug|Any CPU.Build.0 = Debug|Any CPU
		{70595B95-57CE-435E-806A-572FBFDDEE0A}.Debug|Any CPU.Deploy.0 = Debug|Any CPU
		{70595B95-57CE-435E-806A-572FBFDDEE0A}.Release|Any CPU.ActiveCfg = Release|Any CPU
		{70595B95-57CE-435E-806A-572FBFDDEE0A}.Release|Any CPU.Build.0 = Release|Any CPU
		{70595B95-57CE-435E-806A-572FBFDDEE0A}.Release|Any CPU.Deploy.0 = Release|Any CPU
	EndGlobalSection
	GlobalSection(SolutionProperties) = preSolution
		HideSolutionNode = FALSE
	EndGlobalSection
	GlobalSection(ExtensibilityGlobals) = postSolution
		SolutionGuid = {9708733E-7824-49BF-8C8E-0D4FE67EAD87}
	EndGlobalSection
EndGlobal
